
Microsoft Visual Studio Solution File, Format Version 12.00
# Visual Studio Version 16
VisualStudioVersion = 16.0.29609.76
MinimumVisualStudioVersion = 10.0.40219.1
Project("{FAE04EC0-301F-11D3-BF4B-00C04F79EFBC}") = "CiselneSoustavy", "Ciselne_soustavy\CiselneSoustavy.csproj", "{DD45A799-D265-4357-9525-6FBC033C3172}"
EndProject
Project("{FAE04EC0-301F-11D3-BF4B-00C04F79EFBC}") = "CiselneSoustavyTest", "CiselneSoustavyTest\CiselneSoustavyTest.csproj", "{BFE410E6-C6CB-484E-8C88-BE33D01CCF2E}"
EndProject
Global
	GlobalSection(SolutionConfigurationPlatforms) = preSolution
		Debug|Any CPU = Debug|Any CPU
		Release|Any CPU = Release|Any CPU
	EndGlobalSection
	GlobalSection(ProjectConfigurationPlatforms) = postSolution
		{DD45A799-D265-4357-9525-6FBC033C3172}.Debug|Any CPU.ActiveCfg = Debug|Any CPU
		{DD45A799-D265-4357-9525-6FBC033C3172}.Debug|Any CPU.Build.0 = Debug|Any CPU
		{DD45A799-D265-4357-9525-6FBC033C3172}.Release|Any CPU.ActiveCfg = Release|Any CPU
		{DD45A799-D265-4357-9525-6FBC033C3172}.Release|Any CPU.Build.0 = Release|Any CPU
		{BFE410E6-C6CB-484E-8C88-BE33D01CCF2E}.Debug|Any CPU.ActiveCfg = Debug|Any CPU
		{BFE410E6-C6CB-484E-8C88-BE33D01CCF2E}.Debug|Any CPU.Build.0 = Debug|Any CPU
		{BFE410E6-C6CB-484E-8C88-BE33D01CCF2E}.Release|Any CPU.ActiveCfg = Release|Any CPU
		{BFE410E6-C6CB-484E-8C88-BE33D01CCF2E}.Release|Any CPU.Build.0 = Release|Any CPU
	EndGlobalSection
	GlobalSection(SolutionProperties) = preSolution
		HideSolutionNode = FALSE
	EndGlobalSection
	GlobalSection(ExtensibilityGlobals) = postSolution
		SolutionGuid = {D829ED17-E962-43BA-ABE0-32ED008EE756}
	EndGlobalSection
EndGlobal
